
Microsoft Visual Studio Solution File, Format Version 12.00
# Visual Studio 15
VisualStudioVersion = 15.0.28307.1267
MinimumVisualStudioVersion = 10.0.40219.1
Project("{FAE04EC0-301F-11D3-BF4B-00C04F79EFBC}") = "布局", "布局\布局.csproj", "{23A97F17-3BED-44E6-80A7-64FCD98F2EF9}"
EndProject
Project("{FAE04EC0-301F-11D3-BF4B-00C04F79EFBC}") = "布局_WarpPanel", "布局_WarpPanel\布局_WarpPanel.csproj", "{D55C371E-2149-4070-9F1B-B6E96E3E9ECD}"
EndProject
Project("{FAE04EC0-301F-11D3-BF4B-00C04F79EFBC}") = "布局_GridSplitter", "布局_GridSplitter\布局_GridSplitter.csproj", "{51ABA757-2DD6-4269-8290-3669A226D142}"
EndProject
Project("{FAE04EC0-301F-11D3-BF4B-00C04F79EFBC}") = "布局_sharesize", "布局_sharesize\布局_sharesize.csproj", "{DC1FD1C2-0754-4178-851D-D5E7C6BB4F6E}"
EndProject
Project("{FAE04EC0-301F-11D3-BF4B-00C04F79EFBC}") = "路由事件_bubble", "路由事件_bubble\路由事件_bubble.csproj", "{313355E5-D0E4-4EB8-8B03-AFDC042A71DE}"
EndProject
Project("{FAE04EC0-301F-11D3-BF4B-00C04F79EFBC}") = "MouseDrag", "MouseDrag\MouseDrag.csproj", "{81979713-FCCC-4542-B838-D7D94C2C42CC}"
EndProject
Project("{FAE04EC0-301F-11D3-BF4B-00C04F79EFBC}") = "ContentControl", "ContentControl\ContentControl.csproj", "{D6FB43D5-0FA7-4CF2-9CA7-75BB494B8828}"
EndProject
Project("{FAE04EC0-301F-11D3-BF4B-00C04F79EFBC}") = "ContentControl_Label", "ContentControl_Label\ContentControl_Label.csproj", "{BE2C344E-4DFA-47D0-9E6B-EE8C2784D841}"
EndProject
Project("{FAE04EC0-301F-11D3-BF4B-00C04F79EFBC}") = "ContentControl_Expander", "ContentControl_Expander\ContentControl_Expander.csproj", "{847C7917-2B05-4E85-8E9E-4AE49B29499F}"
EndProject
Project("{FAE04EC0-301F-11D3-BF4B-00C04F79EFBC}") = "ListControl", "ListControl\ListControl.csproj", "{60F671F3-EF47-40A5-ADA5-EE0A083D1F24}"
EndProject
Project("{FAE04EC0-301F-11D3-BF4B-00C04F79EFBC}") = "APP_窗口间交互", "APP_窗口间交互\APP_窗口间交互.csproj", "{96DBC0BA-C236-4D49-9D73-300453F9D2E9}"
EndProject
Project("{FAE04EC0-301F-11D3-BF4B-00C04F79EFBC}") = "App_resource", "App_resource\App_resource.csproj", "{A51A273E-5435-42CB-8DF2-3F765A14651E}"
EndProject
Project("{FAE04EC0-301F-11D3-BF4B-00C04F79EFBC}") = "8_Binding", "8_Binding\8_Binding.csproj", "{1A84ADEF-F990-4D59-AA3C-F1E0BB8B2E03}"
EndProject
Project("{FAE04EC0-301F-11D3-BF4B-00C04F79EFBC}") = "9_Command", "9_Command\9_Command.csproj", "{99EBD3DD-323D-4E57-BBC8-2408BA368070}"
EndProject
Project("{FAE04EC0-301F-11D3-BF4B-00C04F79EFBC}") = "Binding_demo", "Binding_demo\Binding_demo.csproj", "{4EB01C56-DE58-4885-91E0-5C59B88721F7}"
EndProject
Project("{FAE04EC0-301F-11D3-BF4B-00C04F79EFBC}") = "10_Resources", "10_Resources\10_Resources.csproj", "{82C240F0-63E8-4612-8C8A-864D7D5A7C46}"
EndProject
Project("{FAE04EC0-301F-11D3-BF4B-00C04F79EFBC}") = "DragDemo", "DragDemo\DragDemo.csproj", "{E3DE14F0-C479-40DE-AF42-FACD51962346}"
EndProject
Project("{FAE04EC0-301F-11D3-BF4B-00C04F79EFBC}") = "MatiralDesign", "MatiralDesign\MatiralDesign.csproj", "{CE8A951E-D216-4821-A91E-EA5D1EE44747}"
EndProject
Project("{FAE04EC0-301F-11D3-BF4B-00C04F79EFBC}") = "MircoSoftToDoDemo", "MircoSoftToDoDemo\MircoSoftToDoDemo.csproj", "{F3B6E7DA-0F7C-4244-8031-5D6DAFC3AA6D}"
EndProject
Project("{FAE04EC0-301F-11D3-BF4B-00C04F79EFBC}") = "test1", "test1\test1.csproj", "{039A3597-349C-4247-B44F-F82150B5BF3A}"
EndProject
Project("{FAE04EC0-301F-11D3-BF4B-00C04F79EFBC}") = "Expender", "Expender\Expender.csproj", "{482BE65D-00D1-4387-A676-40211641C7D2}"
EndProject
Project("{FAE04EC0-301F-11D3-BF4B-00C04F79EFBC}") = "ItemscontrolDemo", "ItemscontrolDemo\ItemscontrolDemo.csproj", "{FBF606F4-36AB-41F3-B7A2-FC2DD9E1C9E3}"
EndProject
Project("{FAE04EC0-301F-11D3-BF4B-00C04F79EFBC}") = "依赖属性和图形", "依赖属性\依赖属性和图形.csproj", "{6B807D5F-6F16-43EF-B9B1-5053D15F6222}"
EndProject
Project("{FAE04EC0-301F-11D3-BF4B-00C04F79EFBC}") = "可视化对象", "可视化对象\可视化对象.csproj", "{11C2DC53-F299-499B-A58B-0AD6A1AEEB9E}"
EndProject
Project("{FAE04EC0-301F-11D3-BF4B-00C04F79EFBC}") = "动画基础", "动画基础\动画基础.csproj", "{885D17FE-FFD5-45FE-A011-7AED2A28027D}"
EndProject
Project("{FAE04EC0-301F-11D3-BF4B-00C04F79EFBC}") = "高性能图表", "高性能图标\高性能图表.csproj", "{07A6DD25-E37C-4712-BD7A-1957671DF58F}"
EndProject
Project("{FAE04EC0-301F-11D3-BF4B-00C04F79EFBC}") = "高级动画_动态变换", "高级动画_动态变换\高级动画_动态变换.csproj", "{5A0665A8-360E-4B55-8DE9-72407F3DB11B}"
EndProject
Project("{FAE04EC0-301F-11D3-BF4B-00C04F79EFBC}") = "高级动画_关键帧动画", "高级动画_关键帧动画\高级动画_关键帧动画.csproj", "{34C758FF-EC01-463D-82CB-DBEE6CFC6200}"
EndProject
Project("{FAE04EC0-301F-11D3-BF4B-00C04F79EFBC}") = "高级动画_基于路径的动画", "高级动画_基于路径的动画\高级动画_基于路径的动画.csproj", "{6A4D80AE-CF3A-4629-A9DA-2C1A733C9612}"
EndProject
Project("{FAE04EC0-301F-11D3-BF4B-00C04F79EFBC}") = "高级动画_基于帧", "高级动画_基于帧\高级动画_基于帧.csproj", "{E2D97FF7-62B8-434F-8049-0690A602F08B}"
EndProject
Project("{FAE04EC0-301F-11D3-BF4B-00C04F79EFBC}") = "自制控件", "自制控件\自制控件.csproj", "{FF57F1D3-B586-4BFA-96E7-D3686FDF5927}"
EndProject
Project("{FAE04EC0-301F-11D3-BF4B-00C04F79EFBC}") = "高级动画_炸弹游戏", "高级动画_炸弹游戏\高级动画_炸弹游戏.csproj", "{909AD05B-E546-4CEC-982B-4B9F1C2E6FEC}"
EndProject
Project("{FAE04EC0-301F-11D3-BF4B-00C04F79EFBC}") = "可视化树", "可视化树\可视化树.csproj", "{894536C7-EC0B-4F24-833E-F170B9658D5B}"
EndProject
Project("{FAE04EC0-301F-11D3-BF4B-00C04F79EFBC}") = "MyMobile", "MyMobile\MyMobile.csproj", "{426FA3C4-44B8-40F6-80DA-79D6A4182A2B}"
EndProject
Project("{FAE04EC0-301F-11D3-BF4B-00C04F79EFBC}") = "Win32Demo", "Win32Demo\Win32Demo.csproj", "{22444821-F30E-4810-A967-D32BBD79476B}"
EndProject
Project("{FAE04EC0-301F-11D3-BF4B-00C04F79EFBC}") = "Win32", "Win32API\Win32.csproj", "{7581CB74-1BBC-42DA-95A4-5C5A70BE2B5E}"
EndProject
Project("{FAE04EC0-301F-11D3-BF4B-00C04F79EFBC}") = "WriteAble", "WriteAble\WriteAble.csproj", "{E7734AEE-4EFB-442B-829B-B46624B37C5E}"
EndProject
Project("{FAE04EC0-301F-11D3-BF4B-00C04F79EFBC}") = "布局UniformGrid", "布局UniformGrid\布局UniformGrid.csproj", "{6E18A6C7-B038-48EB-A33B-6689188A992A}"
EndProject
Project("{FAE04EC0-301F-11D3-BF4B-00C04F79EFBC}") = "AllTemplate", "AllTemplate\AllTemplate.csproj", "{A676740C-A64E-485B-945A-B4AF3E4173FC}"
EndProject
Project("{FAE04EC0-301F-11D3-BF4B-00C04F79EFBC}") = "BlendDemo", "BlendDemo\BlendDemo.csproj", "{DD00667F-E032-4256-94A3-9B523121E55E}"
EndProject
Project("{FAE04EC0-301F-11D3-BF4B-00C04F79EFBC}") = "PictureCompose", "PictureCompose\PictureCompose.csproj", "{61CB01EA-8D60-4D49-9A9F-36279C3F17ED}"
EndProject
Project("{FAE04EC0-301F-11D3-BF4B-00C04F79EFBC}") = "DrawTools", "DrawTools-main\DrawTools.csproj", "{BE0F5277-A9A5-4235-AD1D-A68A72EDA03C}"
EndProject
Project("{FAE04EC0-301F-11D3-BF4B-00C04F79EFBC}") = "Catawatcher", "FileWatcher\Catawatcher.csproj", "{140B1472-6202-4A97-82F8-E71423864CBE}"
EndProject
Project("{FAE04EC0-301F-11D3-BF4B-00C04F79EFBC}") = "异步", "异步\异步.csproj", "{549A59F4-71F6-4CD2-8A73-A45D02548911}"
EndProject
Project("{FAE04EC0-301F-11D3-BF4B-00C04F79EFBC}") = "TreeViewDemo", "TreeViewDemo\TreeViewDemo.csproj", "{5B5588DB-E65E-4FB9-A890-3F4CCD44A318}"
EndProject
Project("{FAE04EC0-301F-11D3-BF4B-00C04F79EFBC}") = "页面和导航", "页面和导航\页面和导航.csproj", "{AF6BD783-71C2-4B67-890F-995C7CFA126F}"
EndProject
Project("{FAE04EC0-301F-11D3-BF4B-00C04F79EFBC}") = "菜单", "菜单\菜单.csproj", "{D2B7D7C8-F9F5-4B6F-89E6-4A0C8936E8D9}"
EndProject
Project("{FAE04EC0-301F-11D3-BF4B-00C04F79EFBC}") = "3D绘图", "3D绘图\3D绘图.csproj", "{E7D55D05-87E9-4142-ADCB-204AFFA37D81}"
EndProject
Global
	GlobalSection(SolutionConfigurationPlatforms) = preSolution
		Debug|Any CPU = Debug|Any CPU
		Debug|x64 = Debug|x64
		Debug|x86 = Debug|x86
		Release|Any CPU = Release|Any CPU
		Release|x64 = Release|x64
		Release|x86 = Release|x86
	EndGlobalSection
	GlobalSection(ProjectConfigurationPlatforms) = postSolution
		{23A97F17-3BED-44E6-80A7-64FCD98F2EF9}.Debug|Any CPU.ActiveCfg = Debug|Any CPU
		{23A97F17-3BED-44E6-80A7-64FCD98F2EF9}.Debug|Any CPU.Build.0 = Debug|Any CPU
		{23A97F17-3BED-44E6-80A7-64FCD98F2EF9}.Debug|x64.ActiveCfg = Debug|Any CPU
		{23A97F17-3BED-44E6-80A7-64FCD98F2EF9}.Debug|x64.Build.0 = Debug|Any CPU
		{23A97F17-3BED-44E6-80A7-64FCD98F2EF9}.Debug|x86.ActiveCfg = Debug|Any CPU
		{23A97F17-3BED-44E6-80A7-64FCD98F2EF9}.Debug|x86.Build.0 = Debug|Any CPU
		{23A97F17-3BED-44E6-80A7-64FCD98F2EF9}.Release|Any CPU.ActiveCfg = Release|Any CPU
		{23A97F17-3BED-44E6-80A7-64FCD98F2EF9}.Release|Any CPU.Build.0 = Release|Any CPU
		{23A97F17-3BED-44E6-80A7-64FCD98F2EF9}.Release|x64.ActiveCfg = Release|Any CPU
		{23A97F17-3BED-44E6-80A7-64FCD98F2EF9}.Release|x64.Build.0 = Release|Any CPU
		{23A97F17-3BED-44E6-80A7-64FCD98F2EF9}.Release|x86.ActiveCfg = Release|Any CPU
		{23A97F17-3BED-44E6-80A7-64FCD98F2EF9}.Release|x86.Build.0 = Release|Any CPU
		{D55C371E-2149-4070-9F1B-B6E96E3E9ECD}.Debug|Any CPU.ActiveCfg = Debug|Any CPU
		{D55C371E-2149-4070-9F1B-B6E96E3E9ECD}.Debug|Any CPU.Build.0 = Debug|Any CPU
		{D55C371E-2149-4070-9F1B-B6E96E3E9ECD}.Debug|x64.ActiveCfg = Debug|Any CPU
		{D55C371E-2149-4070-9F1B-B6E96E3E9ECD}.Debug|x64.Build.0 = Debug|Any CPU
		{D55C371E-2149-4070-9F1B-B6E96E3E9ECD}.Debug|x86.ActiveCfg = Debug|Any CPU
		{D55C371E-2149-4070-9F1B-B6E96E3E9ECD}.Debug|x86.Build.0 = Debug|Any CPU
		{D55C371E-2149-4070-9F1B-B6E96E3E9ECD}.Release|Any CPU.ActiveCfg = Release|Any CPU
		{D55C371E-2149-4070-9F1B-B6E96E3E9ECD}.Release|Any CPU.Build.0 = Release|Any CPU
		{D55C371E-2149-4070-9F1B-B6E96E3E9ECD}.Release|x64.ActiveCfg = Release|Any CPU
		{D55C371E-2149-4070-9F1B-B6E96E3E9ECD}.Release|x64.Build.0 = Release|Any CPU
		{D55C371E-2149-4070-9F1B-B6E96E3E9ECD}.Release|x86.ActiveCfg = Release|Any CPU
		{D55C371E-2149-4070-9F1B-B6E96E3E9ECD}.Release|x86.Build.0 = Release|Any CPU
		{51ABA757-2DD6-4269-8290-3669A226D142}.Debug|Any CPU.ActiveCfg = Debug|Any CPU
		{51ABA757-2DD6-4269-8290-3669A226D142}.Debug|Any CPU.Build.0 = Debug|Any CPU
		{51ABA757-2DD6-4269-8290-3669A226D142}.Debug|x64.ActiveCfg = Debug|Any CPU
		{51ABA757-2DD6-4269-8290-3669A226D142}.Debug|x64.Build.0 = Debug|Any CPU
		{51ABA757-2DD6-4269-8290-3669A226D142}.Debug|x86.ActiveCfg = Debug|Any CPU
		{51ABA757-2DD6-4269-8290-3669A226D142}.Debug|x86.Build.0 = Debug|Any CPU
		{51ABA757-2DD6-4269-8290-3669A226D142}.Release|Any CPU.ActiveCfg = Release|Any CPU
		{51ABA757-2DD6-4269-8290-3669A226D142}.Release|Any CPU.Build.0 = Release|Any CPU
		{51ABA757-2DD6-4269-8290-3669A226D142}.Release|x64.ActiveCfg = Release|Any CPU
		{51ABA757-2DD6-4269-8290-3669A226D142}.Release|x64.Build.0 = Release|Any CPU
		{51ABA757-2DD6-4269-8290-3669A226D142}.Release|x86.ActiveCfg = Release|Any CPU
		{51ABA757-2DD6-4269-8290-3669A226D142}.Release|x86.Build.0 = Release|Any CPU
		{DC1FD1C2-0754-4178-851D-D5E7C6BB4F6E}.Debug|Any CPU.ActiveCfg = Debug|Any CPU
		{DC1FD1C2-0754-4178-851D-D5E7C6BB4F6E}.Debug|Any CPU.Build.0 = Debug|Any CPU
		{DC1FD1C2-0754-4178-851D-D5E7C6BB4F6E}.Debug|x64.ActiveCfg = Debug|Any CPU
		{DC1FD1C2-0754-4178-851D-D5E7C6BB4F6E}.Debug|x64.Build.0 = Debug|Any CPU
		{DC1FD1C2-0754-4178-851D-D5E7C6BB4F6E}.Debug|x86.ActiveCfg = Debug|Any CPU
		{DC1FD1C2-0754-4178-851D-D5E7C6BB4F6E}.Debug|x86.Build.0 = Debug|Any CPU
		{DC1FD1C2-0754-4178-851D-D5E7C6BB4F6E}.Release|Any CPU.ActiveCfg = Release|Any CPU
		{DC1FD1C2-0754-4178-851D-D5E7C6BB4F6E}.Release|Any CPU.Build.0 = Release|Any CPU
		{DC1FD1C2-0754-4178-851D-D5E7C6BB4F6E}.Release|x64.ActiveCfg = Release|Any CPU
		{DC1FD1C2-0754-4178-851D-D5E7C6BB4F6E}.Release|x64.Build.0 = Release|Any CPU
		{DC1FD1C2-0754-4178-851D-D5E7C6BB4F6E}.Release|x86.ActiveCfg = Release|Any CPU
		{DC1FD1C2-0754-4178-851D-D5E7C6BB4F6E}.Release|x86.Build.0 = Release|Any CPU
		{313355E5-D0E4-4EB8-8B03-AFDC042A71DE}.Debug|Any CPU.ActiveCfg = Debug|Any CPU
		{313355E5-D0E4-4EB8-8B03-AFDC042A71DE}.Debug|Any CPU.Build.0 = Debug|Any CPU
		{313355E5-D0E4-4EB8-8B03-AFDC042A71DE}.Debug|x64.ActiveCfg = Debug|Any CPU
		{313355E5-D0E4-4EB8-8B03-AFDC042A71DE}.Debug|x64.Build.0 = Debug|Any CPU
		{313355E5-D0E4-4EB8-8B03-AFDC042A71DE}.Debug|x86.ActiveCfg = Debug|Any CPU
		{313355E5-D0E4-4EB8-8B03-AFDC042A71DE}.Debug|x86.Build.0 = Debug|Any CPU
		{313355E5-D0E4-4EB8-8B03-AFDC042A71DE}.Release|Any CPU.ActiveCfg = Release|Any CPU
		{313355E5-D0E4-4EB8-8B03-AFDC042A71DE}.Release|Any CPU.Build.0 = Release|Any CPU
		{313355E5-D0E4-4EB8-8B03-AFDC042A71DE}.Release|x64.ActiveCfg = Release|Any CPU
		{313355E5-D0E4-4EB8-8B03-AFDC042A71DE}.Release|x64.Build.0 = Release|Any CPU
		{313355E5-D0E4-4EB8-8B03-AFDC042A71DE}.Release|x86.ActiveCfg = Release|Any CPU
		{313355E5-D0E4-4EB8-8B03-AFDC042A71DE}.Release|x86.Build.0 = Release|Any CPU
		{81979713-FCCC-4542-B838-D7D94C2C42CC}.Debug|Any CPU.ActiveCfg = Debug|Any CPU
		{81979713-FCCC-4542-B838-D7D94C2C42CC}.Debug|Any CPU.Build.0 = Debug|Any CPU
		{81979713-FCCC-4542-B838-D7D94C2C42CC}.Debug|x64.ActiveCfg = Debug|Any CPU
		{81979713-FCCC-4542-B838-D7D94C2C42CC}.Debug|x64.Build.0 = Debug|Any CPU
		{81979713-FCCC-4542-B838-D7D94C2C42CC}.Debug|x86.ActiveCfg = Debug|Any CPU
		{81979713-FCCC-4542-B838-D7D94C2C42CC}.Debug|x86.Build.0 = Debug|Any CPU
		{81979713-FCCC-4542-B838-D7D94C2C42CC}.Release|Any CPU.ActiveCfg = Release|Any CPU
		{81979713-FCCC-4542-B838-D7D94C2C42CC}.Release|Any CPU.Build.0 = Release|Any CPU
		{81979713-FCCC-4542-B838-D7D94C2C42CC}.Release|x64.ActiveCfg = Release|Any CPU
		{81979713-FCCC-4542-B838-D7D94C2C42CC}.Release|x64.Build.0 = Release|Any CPU
		{81979713-FCCC-4542-B838-D7D94C2C42CC}.Release|x86.ActiveCfg = Release|Any CPU
		{81979713-FCCC-4542-B838-D7D94C2C42CC}.Release|x86.Build.0 = Release|Any CPU
		{D6FB43D5-0FA7-4CF2-9CA7-75BB494B8828}.Debug|Any CPU.ActiveCfg = Debug|Any CPU
		{D6FB43D5-0FA7-4CF2-9CA7-75BB494B8828}.Debug|Any CPU.Build.0 = Debug|Any CPU
		{D6FB43D5-0FA7-4CF2-9CA7-75BB494B8828}.Debug|x64.ActiveCfg = Debug|Any CPU
		{D6FB43D5-0FA7-4CF2-9CA7-75BB494B8828}.Debug|x64.Build.0 = Debug|Any CPU
		{D6FB43D5-0FA7-4CF2-9CA7-75BB494B8828}.Debug|x86.ActiveCfg = Debug|Any CPU
		{D6FB43D5-0FA7-4CF2-9CA7-75BB494B8828}.Debug|x86.Build.0 = Debug|Any CPU
		{D6FB43D5-0FA7-4CF2-9CA7-75BB494B8828}.Release|Any CPU.ActiveCfg = Release|Any CPU
		{D6FB43D5-0FA7-4CF2-9CA7-75BB494B8828}.Release|Any CPU.Build.0 = Release|Any CPU
		{D6FB43D5-0FA7-4CF2-9CA7-75BB494B8828}.Release|x64.ActiveCfg = Release|Any CPU
		{D6FB43D5-0FA7-4CF2-9CA7-75BB494B8828}.Release|x64.Build.0 = Release|Any CPU
		{D6FB43D5-0FA7-4CF2-9CA7-75BB494B8828}.Release|x86.ActiveCfg = Release|Any CPU
		{D6FB43D5-0FA7-4CF2-9CA7-75BB494B8828}.Release|x86.Build.0 = Release|Any CPU
		{BE2C344E-4DFA-47D0-9E6B-EE8C2784D841}.Debug|Any CPU.ActiveCfg = Debug|Any CPU
		{BE2C344E-4DFA-47D0-9E6B-EE8C2784D841}.Debug|Any CPU.Build.0 = Debug|Any CPU
		{BE2C344E-4DFA-47D0-9E6B-EE8C2784D841}.Debug|x64.ActiveCfg = Debug|Any CPU
		{BE2C344E-4DFA-47D0-9E6B-EE8C2784D841}.Debug|x64.Build.0 = Debug|Any CPU
		{BE2C344E-4DFA-47D0-9E6B-EE8C2784D841}.Debug|x86.ActiveCfg = Debug|Any CPU
		{BE2C344E-4DFA-47D0-9E6B-EE8C2784D841}.Debug|x86.Build.0 = Debug|Any CPU
		{BE2C344E-4DFA-47D0-9E6B-EE8C2784D841}.Release|Any CPU.ActiveCfg = Release|Any CPU
		{BE2C344E-4DFA-47D0-9E6B-EE8C2784D841}.Release|Any CPU.Build.0 = Release|Any CPU
		{BE2C344E-4DFA-47D0-9E6B-EE8C2784D841}.Release|x64.ActiveCfg = Release|Any CPU
		{BE2C344E-4DFA-47D0-9E6B-EE8C2784D841}.Release|x64.Build.0 = Release|Any CPU
		{BE2C344E-4DFA-47D0-9E6B-EE8C2784D841}.Release|x86.ActiveCfg = Release|Any CPU
		{BE2C344E-4DFA-47D0-9E6B-EE8C2784D841}.Release|x86.Build.0 = Release|Any CPU
		{847C7917-2B05-4E85-8E9E-4AE49B29499F}.Debug|Any CPU.ActiveCfg = Debug|Any CPU
		{847C7917-2B05-4E85-8E9E-4AE49B29499F}.Debug|Any CPU.Build.0 = Debug|Any CPU
		{847C7917-2B05-4E85-8E9E-4AE49B29499F}.Debug|x64.ActiveCfg = Debug|Any CPU
		{847C7917-2B05-4E85-8E9E-4AE49B29499F}.Debug|x64.Build.0 = Debug|Any CPU
		{847C7917-2B05-4E85-8E9E-4AE49B29499F}.Debug|x86.ActiveCfg = Debug|Any CPU
		{847C7917-2B05-4E85-8E9E-4AE49B29499F}.Debug|x86.Build.0 = Debug|Any CPU
		{847C7917-2B05-4E85-8E9E-4AE49B29499F}.Release|Any CPU.ActiveCfg = Release|Any CPU
		{847C7917-2B05-4E85-8E9E-4AE49B29499F}.Release|Any CPU.Build.0 = Release|Any CPU
		{847C7917-2B05-4E85-8E9E-4AE49B29499F}.Release|x64.ActiveCfg = Release|Any CPU
		{847C7917-2B05-4E85-8E9E-4AE49B29499F}.Release|x64.Build.0 = Release|Any CPU
		{847C7917-2B05-4E85-8E9E-4AE49B29499F}.Release|x86.ActiveCfg = Release|Any CPU
		{847C7917-2B05-4E85-8E9E-4AE49B29499F}.Release|x86.Build.0 = Release|Any CPU
		{60F671F3-EF47-40A5-ADA5-EE0A083D1F24}.Debug|Any CPU.ActiveCfg = Debug|Any CPU
		{60F671F3-EF47-40A5-ADA5-EE0A083D1F24}.Debug|Any CPU.Build.0 = Debug|Any CPU
		{60F671F3-EF47-40A5-ADA5-EE0A083D1F24}.Debug|x64.ActiveCfg = Debug|Any CPU
		{60F671F3-EF47-40A5-ADA5-EE0A083D1F24}.Debug|x64.Build.0 = Debug|Any CPU
		{60F671F3-EF47-40A5-ADA5-EE0A083D1F24}.Debug|x86.ActiveCfg = Debug|Any CPU
		{60F671F3-EF47-40A5-ADA5-EE0A083D1F24}.Debug|x86.Build.0 = Debug|Any CPU
		{60F671F3-EF47-40A5-ADA5-EE0A083D1F24}.Release|Any CPU.ActiveCfg = Release|Any CPU
		{60F671F3-EF47-40A5-ADA5-EE0A083D1F24}.Release|Any CPU.Build.0 = Release|Any CPU
		{60F671F3-EF47-40A5-ADA5-EE0A083D1F24}.Release|x64.ActiveCfg = Release|Any CPU
		{60F671F3-EF47-40A5-ADA5-EE0A083D1F24}.Release|x64.Build.0 = Release|Any CPU
		{60F671F3-EF47-40A5-ADA5-EE0A083D1F24}.Release|x86.ActiveCfg = Release|Any CPU
		{60F671F3-EF47-40A5-ADA5-EE0A083D1F24}.Release|x86.Build.0 = Release|Any CPU
		{96DBC0BA-C236-4D49-9D73-300453F9D2E9}.Debug|Any CPU.ActiveCfg = Debug|Any CPU
		{96DBC0BA-C236-4D49-9D73-300453F9D2E9}.Debug|Any CPU.Build.0 = Debug|Any CPU
		{96DBC0BA-C236-4D49-9D73-300453F9D2E9}.Debug|x64.ActiveCfg = Debug|Any CPU
		{96DBC0BA-C236-4D49-9D73-300453F9D2E9}.Debug|x64.Build.0 = Debug|Any CPU
		{96DBC0BA-C236-4D49-9D73-300453F9D2E9}.Debug|x86.ActiveCfg = Debug|Any CPU
		{96DBC0BA-C236-4D49-9D73-300453F9D2E9}.Debug|x86.Build.0 = Debug|Any CPU
		{96DBC0BA-C236-4D49-9D73-300453F9D2E9}.Release|Any CPU.ActiveCfg = Release|Any CPU
		{96DBC0BA-C236-4D49-9D73-300453F9D2E9}.Release|Any CPU.Build.0 = Release|Any CPU
		{96DBC0BA-C236-4D49-9D73-300453F9D2E9}.Release|x64.ActiveCfg = Release|Any CPU
		{96DBC0BA-C236-4D49-9D73-300453F9D2E9}.Release|x64.Build.0 = Release|Any CPU
		{96DBC0BA-C236-4D49-9D73-300453F9D2E9}.Release|x86.ActiveCfg = Release|Any CPU
		{96DBC0BA-C236-4D49-9D73-300453F9D2E9}.Release|x86.Build.0 = Release|Any CPU
		{A51A273E-5435-42CB-8DF2-3F765A14651E}.Debug|Any CPU.ActiveCfg = Debug|Any CPU
		{A51A273E-5435-42CB-8DF2-3F765A14651E}.Debug|Any CPU.Build.0 = Debug|Any CPU
		{A51A273E-5435-42CB-8DF2-3F765A14651E}.Debug|x64.ActiveCfg = Debug|Any CPU
		{A51A273E-5435-42CB-8DF2-3F765A14651E}.Debug|x64.Build.0 = Debug|Any CPU
		{A51A273E-5435-42CB-8DF2-3F765A14651E}.Debug|x86.ActiveCfg = Debug|Any CPU
		{A51A273E-5435-42CB-8DF2-3F765A14651E}.Debug|x86.Build.0 = Debug|Any CPU
		{A51A273E-5435-42CB-8DF2-3F765A14651E}.Release|Any CPU.ActiveCfg = Release|Any CPU
		{A51A273E-5435-42CB-8DF2-3F765A14651E}.Release|Any CPU.Build.0 = Release|Any CPU
		{A51A273E-5435-42CB-8DF2-3F765A14651E}.Release|x64.ActiveCfg = Release|Any CPU
		{A51A273E-5435-42CB-8DF2-3F765A14651E}.Release|x64.Build.0 = Release|Any CPU
		{A51A273E-5435-42CB-8DF2-3F765A14651E}.Release|x86.ActiveCfg = Release|Any CPU
		{A51A273E-5435-42CB-8DF2-3F765A14651E}.Release|x86.Build.0 = Release|Any CPU
		{1A84ADEF-F990-4D59-AA3C-F1E0BB8B2E03}.Debug|Any CPU.ActiveCfg = Debug|Any CPU
		{1A84ADEF-F990-4D59-AA3C-F1E0BB8B2E03}.Debug|Any CPU.Build.0 = Debug|Any CPU
		{1A84ADEF-F990-4D59-AA3C-F1E0BB8B2E03}.Debug|x64.ActiveCfg = Debug|Any CPU
		{1A84ADEF-F990-4D59-AA3C-F1E0BB8B2E03}.Debug|x64.Build.0 = Debug|Any CPU
		{1A84ADEF-F990-4D59-AA3C-F1E0BB8B2E03}.Debug|x86.ActiveCfg = Debug|Any CPU
		{1A84ADEF-F990-4D59-AA3C-F1E0BB8B2E03}.Debug|x86.Build.0 = Debug|Any CPU
		{1A84ADEF-F990-4D59-AA3C-F1E0BB8B2E03}.Release|Any CPU.ActiveCfg = Release|Any CPU
		{1A84ADEF-F990-4D59-AA3C-F1E0BB8B2E03}.Release|Any CPU.Build.0 = Release|Any CPU
		{1A84ADEF-F990-4D59-AA3C-F1E0BB8B2E03}.Release|x64.ActiveCfg = Release|Any CPU
		{1A84ADEF-F990-4D59-AA3C-F1E0BB8B2E03}.Release|x64.Build.0 = Release|Any CPU
		{1A84ADEF-F990-4D59-AA3C-F1E0BB8B2E03}.Release|x86.ActiveCfg = Release|Any CPU
		{1A84ADEF-F990-4D59-AA3C-F1E0BB8B2E03}.Release|x86.Build.0 = Release|Any CPU
		{99EBD3DD-323D-4E57-BBC8-2408BA368070}.Debug|Any CPU.ActiveCfg = Debug|Any CPU
		{99EBD3DD-323D-4E57-BBC8-2408BA368070}.Debug|Any CPU.Build.0 = Debug|Any CPU
		{99EBD3DD-323D-4E57-BBC8-2408BA368070}.Debug|x64.ActiveCfg = Debug|Any CPU
		{99EBD3DD-323D-4E57-BBC8-2408BA368070}.Debug|x64.Build.0 = Debug|Any CPU
		{99EBD3DD-323D-4E57-BBC8-2408BA368070}.Debug|x86.ActiveCfg = Debug|Any CPU
		{99EBD3DD-323D-4E57-BBC8-2408BA368070}.Debug|x86.Build.0 = Debug|Any CPU
		{99EBD3DD-323D-4E57-BBC8-2408BA368070}.Release|Any CPU.ActiveCfg = Release|Any CPU
		{99EBD3DD-323D-4E57-BBC8-2408BA368070}.Release|Any CPU.Build.0 = Release|Any CPU
		{99EBD3DD-323D-4E57-BBC8-2408BA368070}.Release|x64.ActiveCfg = Release|Any CPU
		{99EBD3DD-323D-4E57-BBC8-2408BA368070}.Release|x64.Build.0 = Release|Any CPU
		{99EBD3DD-323D-4E57-BBC8-2408BA368070}.Release|x86.ActiveCfg = Release|Any CPU
		{99EBD3DD-323D-4E57-BBC8-2408BA368070}.Release|x86.Build.0 = Release|Any CPU
		{4EB01C56-DE58-4885-91E0-5C59B88721F7}.Debug|Any CPU.ActiveCfg = Debug|Any CPU
		{4EB01C56-DE58-4885-91E0-5C59B88721F7}.Debug|Any CPU.Build.0 = Debug|Any CPU
		{4EB01C56-DE58-4885-91E0-5C59B88721F7}.Debug|x64.ActiveCfg = Debug|Any CPU
		{4EB01C56-DE58-4885-91E0-5C59B88721F7}.Debug|x64.Build.0 = Debug|Any CPU
		{4EB01C56-DE58-4885-91E0-5C59B88721F7}.Debug|x86.ActiveCfg = Debug|Any CPU
		{4EB01C56-DE58-4885-91E0-5C59B88721F7}.Debug|x86.Build.0 = Debug|Any CPU
		{4EB01C56-DE58-4885-91E0-5C59B88721F7}.Release|Any CPU.ActiveCfg = Release|Any CPU
		{4EB01C56-DE58-4885-91E0-5C59B88721F7}.Release|Any CPU.Build.0 = Release|Any CPU
		{4EB01C56-DE58-4885-91E0-5C59B88721F7}.Release|x64.ActiveCfg = Release|Any CPU
		{4EB01C56-DE58-4885-91E0-5C59B88721F7}.Release|x64.Build.0 = Release|Any CPU
		{4EB01C56-DE58-4885-91E0-5C59B88721F7}.Release|x86.ActiveCfg = Release|Any CPU
		{4EB01C56-DE58-4885-91E0-5C59B88721F7}.Release|x86.Build.0 = Release|Any CPU
		{82C240F0-63E8-4612-8C8A-864D7D5A7C46}.Debug|Any CPU.ActiveCfg = Debug|Any CPU
		{82C240F0-63E8-4612-8C8A-864D7D5A7C46}.Debug|Any CPU.Build.0 = Debug|Any CPU
		{82C240F0-63E8-4612-8C8A-864D7D5A7C46}.Debug|x64.ActiveCfg = Debug|Any CPU
		{82C240F0-63E8-4612-8C8A-864D7D5A7C46}.Debug|x64.Build.0 = Debug|Any CPU
		{82C240F0-63E8-4612-8C8A-864D7D5A7C46}.Debug|x86.ActiveCfg = Debug|Any CPU
		{82C240F0-63E8-4612-8C8A-864D7D5A7C46}.Debug|x86.Build.0 = Debug|Any CPU
		{82C240F0-63E8-4612-8C8A-864D7D5A7C46}.Release|Any CPU.ActiveCfg = Release|Any CPU
		{82C240F0-63E8-4612-8C8A-864D7D5A7C46}.Release|Any CPU.Build.0 = Release|Any CPU
		{82C240F0-63E8-4612-8C8A-864D7D5A7C46}.Release|x64.ActiveCfg = Release|Any CPU
		{82C240F0-63E8-4612-8C8A-864D7D5A7C46}.Release|x64.Build.0 = Release|Any CPU
		{82C240F0-63E8-4612-8C8A-864D7D5A7C46}.Release|x86.ActiveCfg = Release|Any CPU
		{82C240F0-63E8-4612-8C8A-864D7D5A7C46}.Release|x86.Build.0 = Release|Any CPU
		{E3DE14F0-C479-40DE-AF42-FACD51962346}.Debug|Any CPU.ActiveCfg = Debug|Any CPU
		{E3DE14F0-C479-40DE-AF42-FACD51962346}.Debug|Any CPU.Build.0 = Debug|Any CPU
		{E3DE14F0-C479-40DE-AF42-FACD51962346}.Debug|x64.ActiveCfg = Debug|Any CPU
		{E3DE14F0-C479-40DE-AF42-FACD51962346}.Debug|x64.Build.0 = Debug|Any CPU
		{E3DE14F0-C479-40DE-AF42-FACD51962346}.Debug|x86.ActiveCfg = Debug|Any CPU
		{E3DE14F0-C479-40DE-AF42-FACD51962346}.Debug|x86.Build.0 = Debug|Any CPU
		{E3DE14F0-C479-40DE-AF42-FACD51962346}.Release|Any CPU.ActiveCfg = Release|Any CPU
		{E3DE14F0-C479-40DE-AF42-FACD51962346}.Release|Any CPU.Build.0 = Release|Any CPU
		{E3DE14F0-C479-40DE-AF42-FACD51962346}.Release|x64.ActiveCfg = Release|Any CPU
		{E3DE14F0-C479-40DE-AF42-FACD51962346}.Release|x64.Build.0 = Release|Any CPU
		{E3DE14F0-C479-40DE-AF42-FACD51962346}.Release|x86.ActiveCfg = Release|Any CPU
		{E3DE14F0-C479-40DE-AF42-FACD51962346}.Release|x86.Build.0 = Release|Any CPU
		{CE8A951E-D216-4821-A91E-EA5D1EE44747}.Debug|Any CPU.ActiveCfg = Debug|Any CPU
		{CE8A951E-D216-4821-A91E-EA5D1EE44747}.Debug|Any CPU.Build.0 = Debug|Any CPU
		{CE8A951E-D216-4821-A91E-EA5D1EE44747}.Debug|x64.ActiveCfg = Debug|Any CPU
		{CE8A951E-D216-4821-A91E-EA5D1EE44747}.Debug|x64.Build.0 = Debug|Any CPU
		{CE8A951E-D216-4821-A91E-EA5D1EE44747}.Debug|x86.ActiveCfg = Debug|Any CPU
		{CE8A951E-D216-4821-A91E-EA5D1EE44747}.Debug|x86.Build.0 = Debug|Any CPU
		{CE8A951E-D216-4821-A91E-EA5D1EE44747}.Release|Any CPU.ActiveCfg = Release|Any CPU
		{CE8A951E-D216-4821-A91E-EA5D1EE44747}.Release|Any CPU.Build.0 = Release|Any CPU
		{CE8A951E-D216-4821-A91E-EA5D1EE44747}.Release|x64.ActiveCfg = Release|Any CPU
		{CE8A951E-D216-4821-A91E-EA5D1EE44747}.Release|x64.Build.0 = Release|Any CPU
		{CE8A951E-D216-4821-A91E-EA5D1EE44747}.Release|x86.ActiveCfg = Release|Any CPU
		{CE8A951E-D216-4821-A91E-EA5D1EE44747}.Release|x86.Build.0 = Release|Any CPU
		{F3B6E7DA-0F7C-4244-8031-5D6DAFC3AA6D}.Debug|Any CPU.ActiveCfg = Debug|Any CPU
		{F3B6E7DA-0F7C-4244-8031-5D6DAFC3AA6D}.Debug|Any CPU.Build.0 = Debug|Any CPU
		{F3B6E7DA-0F7C-4244-8031-5D6DAFC3AA6D}.Debug|x64.ActiveCfg = Debug|Any CPU
		{F3B6E7DA-0F7C-4244-8031-5D6DAFC3AA6D}.Debug|x64.Build.0 = Debug|Any CPU
		{F3B6E7DA-0F7C-4244-8031-5D6DAFC3AA6D}.Debug|x86.ActiveCfg = Debug|Any CPU
		{F3B6E7DA-0F7C-4244-8031-5D6DAFC3AA6D}.Debug|x86.Build.0 = Debug|Any CPU
		{F3B6E7DA-0F7C-4244-8031-5D6DAFC3AA6D}.Release|Any CPU.ActiveCfg = Release|Any CPU
		{F3B6E7DA-0F7C-4244-8031-5D6DAFC3AA6D}.Release|Any CPU.Build.0 = Release|Any CPU
		{F3B6E7DA-0F7C-4244-8031-5D6DAFC3AA6D}.Release|x64.ActiveCfg = Release|Any CPU
		{F3B6E7DA-0F7C-4244-8031-5D6DAFC3AA6D}.Release|x64.Build.0 = Release|Any CPU
		{F3B6E7DA-0F7C-4244-8031-5D6DAFC3AA6D}.Release|x86.ActiveCfg = Release|Any CPU
		{F3B6E7DA-0F7C-4244-8031-5D6DAFC3AA6D}.Release|x86.Build.0 = Release|Any CPU
		{039A3597-349C-4247-B44F-F82150B5BF3A}.Debug|Any CPU.ActiveCfg = Debug|Any CPU
		{039A3597-349C-4247-B44F-F82150B5BF3A}.Debug|Any CPU.Build.0 = Debug|Any CPU
		{039A3597-349C-4247-B44F-F82150B5BF3A}.Debug|x64.ActiveCfg = Debug|Any CPU
		{039A3597-349C-4247-B44F-F82150B5BF3A}.Debug|x64.Build.0 = Debug|Any CPU
		{039A3597-349C-4247-B44F-F82150B5BF3A}.Debug|x86.ActiveCfg = Debug|Any CPU
		{039A3597-349C-4247-B44F-F82150B5BF3A}.Debug|x86.Build.0 = Debug|Any CPU
		{039A3597-349C-4247-B44F-F82150B5BF3A}.Release|Any CPU.ActiveCfg = Release|Any CPU
		{039A3597-349C-4247-B44F-F82150B5BF3A}.Release|Any CPU.Build.0 = Release|Any CPU
		{039A3597-349C-4247-B44F-F82150B5BF3A}.Release|x64.ActiveCfg = Release|Any CPU
		{039A3597-349C-4247-B44F-F82150B5BF3A}.Release|x64.Build.0 = Release|Any CPU
		{039A3597-349C-4247-B44F-F82150B5BF3A}.Release|x86.ActiveCfg = Release|Any CPU
		{039A3597-349C-4247-B44F-F82150B5BF3A}.Release|x86.Build.0 = Release|Any CPU
		{482BE65D-00D1-4387-A676-40211641C7D2}.Debug|Any CPU.ActiveCfg = Debug|Any CPU
		{482BE65D-00D1-4387-A676-40211641C7D2}.Debug|Any CPU.Build.0 = Debug|Any CPU
		{482BE65D-00D1-4387-A676-40211641C7D2}.Debug|x64.ActiveCfg = Debug|Any CPU
		{482BE65D-00D1-4387-A676-40211641C7D2}.Debug|x64.Build.0 = Debug|Any CPU
		{482BE65D-00D1-4387-A676-40211641C7D2}.Debug|x86.ActiveCfg = Debug|Any CPU
		{482BE65D-00D1-4387-A676-40211641C7D2}.Debug|x86.Build.0 = Debug|Any CPU
		{482BE65D-00D1-4387-A676-40211641C7D2}.Release|Any CPU.ActiveCfg = Release|Any CPU
		{482BE65D-00D1-4387-A676-40211641C7D2}.Release|Any CPU.Build.0 = Release|Any CPU
		{482BE65D-00D1-4387-A676-40211641C7D2}.Release|x64.ActiveCfg = Release|Any CPU
		{482BE65D-00D1-4387-A676-40211641C7D2}.Release|x64.Build.0 = Release|Any CPU
		{482BE65D-00D1-4387-A676-40211641C7D2}.Release|x86.ActiveCfg = Release|Any CPU
		{482BE65D-00D1-4387-A676-40211641C7D2}.Release|x86.Build.0 = Release|Any CPU
		{FBF606F4-36AB-41F3-B7A2-FC2DD9E1C9E3}.Debug|Any CPU.ActiveCfg = Debug|Any CPU
		{FBF606F4-36AB-41F3-B7A2-FC2DD9E1C9E3}.Debug|Any CPU.Build.0 = Debug|Any CPU
		{FBF606F4-36AB-41F3-B7A2-FC2DD9E1C9E3}.Debug|x64.ActiveCfg = Debug|Any CPU
		{FBF606F4-36AB-41F3-B7A2-FC2DD9E1C9E3}.Debug|x64.Build.0 = Debug|Any CPU
		{FBF606F4-36AB-41F3-B7A2-FC2DD9E1C9E3}.Debug|x86.ActiveCfg = Debug|Any CPU
		{FBF606F4-36AB-41F3-B7A2-FC2DD9E1C9E3}.Debug|x86.Build.0 = Debug|Any CPU
		{FBF606F4-36AB-41F3-B7A2-FC2DD9E1C9E3}.Release|Any CPU.ActiveCfg = Release|Any CPU
		{FBF606F4-36AB-41F3-B7A2-FC2DD9E1C9E3}.Release|Any CPU.Build.0 = Release|Any CPU
		{FBF606F4-36AB-41F3-B7A2-FC2DD9E1C9E3}.Release|x64.ActiveCfg = Release|Any CPU
		{FBF606F4-36AB-41F3-B7A2-FC2DD9E1C9E3}.Release|x64.Build.0 = Release|Any CPU
		{FBF606F4-36AB-41F3-B7A2-FC2DD9E1C9E3}.Release|x86.ActiveCfg = Release|Any CPU
		{FBF606F4-36AB-41F3-B7A2-FC2DD9E1C9E3}.Release|x86.Build.0 = Release|Any CPU
		{6B807D5F-6F16-43EF-B9B1-5053D15F6222}.Debug|Any CPU.ActiveCfg = Debug|Any CPU
		{6B807D5F-6F16-43EF-B9B1-5053D15F6222}.Debug|Any CPU.Build.0 = Debug|Any CPU
		{6B807D5F-6F16-43EF-B9B1-5053D15F6222}.Debug|x64.ActiveCfg = Debug|Any CPU
		{6B807D5F-6F16-43EF-B9B1-5053D15F6222}.Debug|x64.Build.0 = Debug|Any CPU
		{6B807D5F-6F16-43EF-B9B1-5053D15F6222}.Debug|x86.ActiveCfg = Debug|Any CPU
		{6B807D5F-6F16-43EF-B9B1-5053D15F6222}.Debug|x86.Build.0 = Debug|Any CPU
		{6B807D5F-6F16-43EF-B9B1-5053D15F6222}.Release|Any CPU.ActiveCfg = Release|Any CPU
		{6B807D5F-6F16-43EF-B9B1-5053D15F6222}.Release|Any CPU.Build.0 = Release|Any CPU
		{6B807D5F-6F16-43EF-B9B1-5053D15F6222}.Release|x64.ActiveCfg = Release|Any CPU
		{6B807D5F-6F16-43EF-B9B1-5053D15F6222}.Release|x64.Build.0 = Release|Any CPU
		{6B807D5F-6F16-43EF-B9B1-5053D15F6222}.Release|x86.ActiveCfg = Release|Any CPU
		{6B807D5F-6F16-43EF-B9B1-5053D15F6222}.Release|x86.Build.0 = Release|Any CPU
		{11C2DC53-F299-499B-A58B-0AD6A1AEEB9E}.Debug|Any CPU.ActiveCfg = Debug|Any CPU
		{11C2DC53-F299-499B-A58B-0AD6A1AEEB9E}.Debug|Any CPU.Build.0 = Debug|Any CPU
		{11C2DC53-F299-499B-A58B-0AD6A1AEEB9E}.Debug|x64.ActiveCfg = Debug|Any CPU
		{11C2DC53-F299-499B-A58B-0AD6A1AEEB9E}.Debug|x64.Build.0 = Debug|Any CPU
		{11C2DC53-F299-499B-A58B-0AD6A1AEEB9E}.Debug|x86.ActiveCfg = Debug|Any CPU
		{11C2DC53-F299-499B-A58B-0AD6A1AEEB9E}.Debug|x86.Build.0 = Debug|Any CPU
		{11C2DC53-F299-499B-A58B-0AD6A1AEEB9E}.Release|Any CPU.ActiveCfg = Release|Any CPU
		{11C2DC53-F299-499B-A58B-0AD6A1AEEB9E}.Release|Any CPU.Build.0 = Release|Any CPU
		{11C2DC53-F299-499B-A58B-0AD6A1AEEB9E}.Release|x64.ActiveCfg = Release|Any CPU
		{11C2DC53-F299-499B-A58B-0AD6A1AEEB9E}.Release|x64.Build.0 = Release|Any CPU
		{11C2DC53-F299-499B-A58B-0AD6A1AEEB9E}.Release|x86.ActiveCfg = Release|Any CPU
		{11C2DC53-F299-499B-A58B-0AD6A1AEEB9E}.Release|x86.Build.0 = Release|Any CPU
		{885D17FE-FFD5-45FE-A011-7AED2A28027D}.Debug|Any CPU.ActiveCfg = Debug|Any CPU
		{885D17FE-FFD5-45FE-A011-7AED2A28027D}.Debug|Any CPU.Build.0 = Debug|Any CPU
		{885D17FE-FFD5-45FE-A011-7AED2A28027D}.Debug|x64.ActiveCfg = Debug|Any CPU
		{885D17FE-FFD5-45FE-A011-7AED2A28027D}.Debug|x64.Build.0 = Debug|Any CPU
		{885D17FE-FFD5-45FE-A011-7AED2A28027D}.Debug|x86.ActiveCfg = Debug|Any CPU
		{885D17FE-FFD5-45FE-A011-7AED2A28027D}.Debug|x86.Build.0 = Debug|Any CPU
		{885D17FE-FFD5-45FE-A011-7AED2A28027D}.Release|Any CPU.ActiveCfg = Release|Any CPU
		{885D17FE-FFD5-45FE-A011-7AED2A28027D}.Release|Any CPU.Build.0 = Release|Any CPU
		{885D17FE-FFD5-45FE-A011-7AED2A28027D}.Release|x64.ActiveCfg = Release|Any CPU
		{885D17FE-FFD5-45FE-A011-7AED2A28027D}.Release|x64.Build.0 = Release|Any CPU
		{885D17FE-FFD5-45FE-A011-7AED2A28027D}.Release|x86.ActiveCfg = Release|Any CPU
		{885D17FE-FFD5-45FE-A011-7AED2A28027D}.Release|x86.Build.0 = Release|Any CPU
		{07A6DD25-E37C-4712-BD7A-1957671DF58F}.Debug|Any CPU.ActiveCfg = Debug|Any CPU
		{07A6DD25-E37C-4712-BD7A-1957671DF58F}.Debug|Any CPU.Build.0 = Debug|Any CPU
		{07A6DD25-E37C-4712-BD7A-1957671DF58F}.Debug|x64.ActiveCfg = Debug|Any CPU
		{07A6DD25-E37C-4712-BD7A-1957671DF58F}.Debug|x64.Build.0 = Debug|Any CPU
		{07A6DD25-E37C-4712-BD7A-1957671DF58F}.Debug|x86.ActiveCfg = Debug|Any CPU
		{07A6DD25-E37C-4712-BD7A-1957671DF58F}.Debug|x86.Build.0 = Debug|Any CPU
		{07A6DD25-E37C-4712-BD7A-1957671DF58F}.Release|Any CPU.ActiveCfg = Release|Any CPU
		{07A6DD25-E37C-4712-BD7A-1957671DF58F}.Release|Any CPU.Build.0 = Release|Any CPU
		{07A6DD25-E37C-4712-BD7A-1957671DF58F}.Release|x64.ActiveCfg = Release|Any CPU
		{07A6DD25-E37C-4712-BD7A-1957671DF58F}.Release|x64.Build.0 = Release|Any CPU
		{07A6DD25-E37C-4712-BD7A-1957671DF58F}.Release|x86.ActiveCfg = Release|Any CPU
		{07A6DD25-E37C-4712-BD7A-1957671DF58F}.Release|x86.Build.0 = Release|Any CPU
		{5A0665A8-360E-4B55-8DE9-72407F3DB11B}.Debug|Any CPU.ActiveCfg = Debug|Any CPU
		{5A0665A8-360E-4B55-8DE9-72407F3DB11B}.Debug|Any CPU.Build.0 = Debug|Any CPU
		{5A0665A8-360E-4B55-8DE9-72407F3DB11B}.Debug|x64.ActiveCfg = Debug|Any CPU
		{5A0665A8-360E-4B55-8DE9-72407F3DB11B}.Debug|x64.Build.0 = Debug|Any CPU
		{5A0665A8-360E-4B55-8DE9-72407F3DB11B}.Debug|x86.ActiveCfg = Debug|Any CPU
		{5A0665A8-360E-4B55-8DE9-72407F3DB11B}.Debug|x86.Build.0 = Debug|Any CPU
		{5A0665A8-360E-4B55-8DE9-72407F3DB11B}.Release|Any CPU.ActiveCfg = Release|Any CPU
		{5A0665A8-360E-4B55-8DE9-72407F3DB11B}.Release|Any CPU.Build.0 = Release|Any CPU
		{5A0665A8-360E-4B55-8DE9-72407F3DB11B}.Release|x64.ActiveCfg = Release|Any CPU
		{5A0665A8-360E-4B55-8DE9-72407F3DB11B}.Release|x64.Build.0 = Release|Any CPU
		{5A0665A8-360E-4B55-8DE9-72407F3DB11B}.Release|x86.ActiveCfg = Release|Any CPU
		{5A0665A8-360E-4B55-8DE9-72407F3DB11B}.Release|x86.Build.0 = Release|Any CPU
		{34C758FF-EC01-463D-82CB-DBEE6CFC6200}.Debug|Any CPU.ActiveCfg = Debug|Any CPU
		{34C758FF-EC01-463D-82CB-DBEE6CFC6200}.Debug|Any CPU.Build.0 = Debug|Any CPU
		{34C758FF-EC01-463D-82CB-DBEE6CFC6200}.Debug|x64.ActiveCfg = Debug|Any CPU
		{34C758FF-EC01-463D-82CB-DBEE6CFC6200}.Debug|x64.Build.0 = Debug|Any CPU
		{34C758FF-EC01-463D-82CB-DBEE6CFC6200}.Debug|x86.ActiveCfg = Debug|Any CPU
		{34C758FF-EC01-463D-82CB-DBEE6CFC6200}.Debug|x86.Build.0 = Debug|Any CPU
		{34C758FF-EC01-463D-82CB-DBEE6CFC6200}.Release|Any CPU.ActiveCfg = Release|Any CPU
		{34C758FF-EC01-463D-82CB-DBEE6CFC6200}.Release|Any CPU.Build.0 = Release|Any CPU
		{34C758FF-EC01-463D-82CB-DBEE6CFC6200}.Release|x64.ActiveCfg = Release|Any CPU
		{34C758FF-EC01-463D-82CB-DBEE6CFC6200}.Release|x64.Build.0 = Release|Any CPU
		{34C758FF-EC01-463D-82CB-DBEE6CFC6200}.Release|x86.ActiveCfg = Release|Any CPU
		{34C758FF-EC01-463D-82CB-DBEE6CFC6200}.Release|x86.Build.0 = Release|Any CPU
		{6A4D80AE-CF3A-4629-A9DA-2C1A733C9612}.Debug|Any CPU.ActiveCfg = Debug|Any CPU
		{6A4D80AE-CF3A-4629-A9DA-2C1A733C9612}.Debug|Any CPU.Build.0 = Debug|Any CPU
		{6A4D80AE-CF3A-4629-A9DA-2C1A733C9612}.Debug|x64.ActiveCfg = Debug|Any CPU
		{6A4D80AE-CF3A-4629-A9DA-2C1A733C9612}.Debug|x64.Build.0 = Debug|Any CPU
		{6A4D80AE-CF3A-4629-A9DA-2C1A733C9612}.Debug|x86.ActiveCfg = Debug|Any CPU
		{6A4D80AE-CF3A-4629-A9DA-2C1A733C9612}.Debug|x86.Build.0 = Debug|Any CPU
		{6A4D80AE-CF3A-4629-A9DA-2C1A733C9612}.Release|Any CPU.ActiveCfg = Release|Any CPU
		{6A4D80AE-CF3A-4629-A9DA-2C1A733C9612}.Release|Any CPU.Build.0 = Release|Any CPU
		{6A4D80AE-CF3A-4629-A9DA-2C1A733C9612}.Release|x64.ActiveCfg = Release|Any CPU
		{6A4D80AE-CF3A-4629-A9DA-2C1A733C9612}.Release|x64.Build.0 = Release|Any CPU
		{6A4D80AE-CF3A-4629-A9DA-2C1A733C9612}.Release|x86.ActiveCfg = Release|Any CPU
		{6A4D80AE-CF3A-4629-A9DA-2C1A733C9612}.Release|x86.Build.0 = Release|Any CPU
		{E2D97FF7-62B8-434F-8049-0690A602F08B}.Debug|Any CPU.ActiveCfg = Debug|Any CPU
		{E2D97FF7-62B8-434F-8049-0690A602F08B}.Debug|Any CPU.Build.0 = Debug|Any CPU
		{E2D97FF7-62B8-434F-8049-0690A602F08B}.Debug|x64.ActiveCfg = Debug|Any CPU
		{E2D97FF7-62B8-434F-8049-0690A602F08B}.Debug|x64.Build.0 = Debug|Any CPU
		{E2D97FF7-62B8-434F-8049-0690A602F08B}.Debug|x86.ActiveCfg = Debug|Any CPU
		{E2D97FF7-62B8-434F-8049-0690A602F08B}.Debug|x86.Build.0 = Debug|Any CPU
		{E2D97FF7-62B8-434F-8049-0690A602F08B}.Release|Any CPU.ActiveCfg = Release|Any CPU
		{E2D97FF7-62B8-434F-8049-0690A602F08B}.Release|Any CPU.Build.0 = Release|Any CPU
		{E2D97FF7-62B8-434F-8049-0690A602F08B}.Release|x64.ActiveCfg = Release|Any CPU
		{E2D97FF7-62B8-434F-8049-0690A602F08B}.Release|x64.Build.0 = Release|Any CPU
		{E2D97FF7-62B8-434F-8049-0690A602F08B}.Release|x86.ActiveCfg = Release|Any CPU
		{E2D97FF7-62B8-434F-8049-0690A602F08B}.Release|x86.Build.0 = Release|Any CPU
		{FF57F1D3-B586-4BFA-96E7-D3686FDF5927}.Debug|Any CPU.ActiveCfg = Debug|Any CPU
		{FF57F1D3-B586-4BFA-96E7-D3686FDF5927}.Debug|Any CPU.Build.0 = Debug|Any CPU
		{FF57F1D3-B586-4BFA-96E7-D3686FDF5927}.Debug|x64.ActiveCfg = Debug|Any CPU
		{FF57F1D3-B586-4BFA-96E7-D3686FDF5927}.Debug|x64.Build.0 = Debug|Any CPU
		{FF57F1D3-B586-4BFA-96E7-D3686FDF5927}.Debug|x86.ActiveCfg = Debug|Any CPU
		{FF57F1D3-B586-4BFA-96E7-D3686FDF5927}.Debug|x86.Build.0 = Debug|Any CPU
		{FF57F1D3-B586-4BFA-96E7-D3686FDF5927}.Release|Any CPU.ActiveCfg = Release|Any CPU
		{FF57F1D3-B586-4BFA-96E7-D3686FDF5927}.Release|Any CPU.Build.0 = Release|Any CPU
		{FF57F1D3-B586-4BFA-96E7-D3686FDF5927}.Release|x64.ActiveCfg = Release|Any CPU
		{FF57F1D3-B586-4BFA-96E7-D3686FDF5927}.Release|x64.Build.0 = Release|Any CPU
		{FF57F1D3-B586-4BFA-96E7-D3686FDF5927}.Release|x86.ActiveCfg = Release|Any CPU
		{FF57F1D3-B586-4BFA-96E7-D3686FDF5927}.Release|x86.Build.0 = Release|Any CPU
		{909AD05B-E546-4CEC-982B-4B9F1C2E6FEC}.Debug|Any CPU.ActiveCfg = Debug|Any CPU
		{909AD05B-E546-4CEC-982B-4B9F1C2E6FEC}.Debug|Any CPU.Build.0 = Debug|Any CPU
		{909AD05B-E546-4CEC-982B-4B9F1C2E6FEC}.Debug|x64.ActiveCfg = Debug|Any CPU
		{909AD05B-E546-4CEC-982B-4B9F1C2E6FEC}.Debug|x64.Build.0 = Debug|Any CPU
		{909AD05B-E546-4CEC-982B-4B9F1C2E6FEC}.Debug|x86.ActiveCfg = Debug|Any CPU
		{909AD05B-E546-4CEC-982B-4B9F1C2E6FEC}.Debug|x86.Build.0 = Debug|Any CPU
		{909AD05B-E546-4CEC-982B-4B9F1C2E6FEC}.Release|Any CPU.ActiveCfg = Release|Any CPU
		{909AD05B-E546-4CEC-982B-4B9F1C2E6FEC}.Release|Any CPU.Build.0 = Release|Any CPU
		{909AD05B-E546-4CEC-982B-4B9F1C2E6FEC}.Release|x64.ActiveCfg = Release|Any CPU
		{909AD05B-E546-4CEC-982B-4B9F1C2E6FEC}.Release|x64.Build.0 = Release|Any CPU
		{909AD05B-E546-4CEC-982B-4B9F1C2E6FEC}.Release|x86.ActiveCfg = Release|Any CPU
		{909AD05B-E546-4CEC-982B-4B9F1C2E6FEC}.Release|x86.Build.0 = Release|Any CPU
		{894536C7-EC0B-4F24-833E-F170B9658D5B}.Debug|Any CPU.ActiveCfg = Debug|Any CPU
		{894536C7-EC0B-4F24-833E-F170B9658D5B}.Debug|Any CPU.Build.0 = Debug|Any CPU
		{894536C7-EC0B-4F24-833E-F170B9658D5B}.Debug|x64.ActiveCfg = Debug|Any CPU
		{894536C7-EC0B-4F24-833E-F170B9658D5B}.Debug|x64.Build.0 = Debug|Any CPU
		{894536C7-EC0B-4F24-833E-F170B9658D5B}.Debug|x86.ActiveCfg = Debug|Any CPU
		{894536C7-EC0B-4F24-833E-F170B9658D5B}.Debug|x86.Build.0 = Debug|Any CPU
		{894536C7-EC0B-4F24-833E-F170B9658D5B}.Release|Any CPU.ActiveCfg = Release|Any CPU
		{894536C7-EC0B-4F24-833E-F170B9658D5B}.Release|Any CPU.Build.0 = Release|Any CPU
		{894536C7-EC0B-4F24-833E-F170B9658D5B}.Release|x64.ActiveCfg = Release|Any CPU
		{894536C7-EC0B-4F24-833E-F170B9658D5B}.Release|x64.Build.0 = Release|Any CPU
		{894536C7-EC0B-4F24-833E-F170B9658D5B}.Release|x86.ActiveCfg = Release|Any CPU
		{894536C7-EC0B-4F24-833E-F170B9658D5B}.Release|x86.Build.0 = Release|Any CPU
		{426FA3C4-44B8-40F6-80DA-79D6A4182A2B}.Debug|Any CPU.ActiveCfg = Debug|Any CPU
		{426FA3C4-44B8-40F6-80DA-79D6A4182A2B}.Debug|Any CPU.Build.0 = Debug|Any CPU
		{426FA3C4-44B8-40F6-80DA-79D6A4182A2B}.Debug|x64.ActiveCfg = Debug|Any CPU
		{426FA3C4-44B8-40F6-80DA-79D6A4182A2B}.Debug|x64.Build.0 = Debug|Any CPU
		{426FA3C4-44B8-40F6-80DA-79D6A4182A2B}.Debug|x86.ActiveCfg = Debug|Any CPU
		{426FA3C4-44B8-40F6-80DA-79D6A4182A2B}.Debug|x86.Build.0 = Debug|Any CPU
		{426FA3C4-44B8-40F6-80DA-79D6A4182A2B}.Release|Any CPU.ActiveCfg = Release|Any CPU
		{426FA3C4-44B8-40F6-80DA-79D6A4182A2B}.Release|Any CPU.Build.0 = Release|Any CPU
		{426FA3C4-44B8-40F6-80DA-79D6A4182A2B}.Release|x64.ActiveCfg = Release|Any CPU
		{426FA3C4-44B8-40F6-80DA-79D6A4182A2B}.Release|x64.Build.0 = Release|Any CPU
		{426FA3C4-44B8-40F6-80DA-79D6A4182A2B}.Release|x86.ActiveCfg = Release|Any CPU
		{426FA3C4-44B8-40F6-80DA-79D6A4182A2B}.Release|x86.Build.0 = Release|Any CPU
		{22444821-F30E-4810-A967-D32BBD79476B}.Debug|Any CPU.ActiveCfg = Debug|Any CPU
		{22444821-F30E-4810-A967-D32BBD79476B}.Debug|Any CPU.Build.0 = Debug|Any CPU
		{22444821-F30E-4810-A967-D32BBD79476B}.Debug|x64.ActiveCfg = Debug|Any CPU
		{22444821-F30E-4810-A967-D32BBD79476B}.Debug|x64.Build.0 = Debug|Any CPU
		{22444821-F30E-4810-A967-D32BBD79476B}.Debug|x86.ActiveCfg = Debug|Any CPU
		{22444821-F30E-4810-A967-D32BBD79476B}.Debug|x86.Build.0 = Debug|Any CPU
		{22444821-F30E-4810-A967-D32BBD79476B}.Release|Any CPU.ActiveCfg = Release|Any CPU
		{22444821-F30E-4810-A967-D32BBD79476B}.Release|Any CPU.Build.0 = Release|Any CPU
		{22444821-F30E-4810-A967-D32BBD79476B}.Release|x64.ActiveCfg = Release|Any CPU
		{22444821-F30E-4810-A967-D32BBD79476B}.Release|x64.Build.0 = Release|Any CPU
		{22444821-F30E-4810-A967-D32BBD79476B}.Release|x86.ActiveCfg = Release|Any CPU
		{22444821-F30E-4810-A967-D32BBD79476B}.Release|x86.Build.0 = Release|Any CPU
		{7581CB74-1BBC-42DA-95A4-5C5A70BE2B5E}.Debug|Any CPU.ActiveCfg = Debug|Any CPU
		{7581CB74-1BBC-42DA-95A4-5C5A70BE2B5E}.Debug|Any CPU.Build.0 = Debug|Any CPU
		{7581CB74-1BBC-42DA-95A4-5C5A70BE2B5E}.Debug|x64.ActiveCfg = Debug|Any CPU
		{7581CB74-1BBC-42DA-95A4-5C5A70BE2B5E}.Debug|x64.Build.0 = Debug|Any CPU
		{7581CB74-1BBC-42DA-95A4-5C5A70BE2B5E}.Debug|x86.ActiveCfg = Debug|Any CPU
		{7581CB74-1BBC-42DA-95A4-5C5A70BE2B5E}.Debug|x86.Build.0 = Debug|Any CPU
		{7581CB74-1BBC-42DA-95A4-5C5A70BE2B5E}.Release|Any CPU.ActiveCfg = Release|Any CPU
		{7581CB74-1BBC-42DA-95A4-5C5A70BE2B5E}.Release|Any CPU.Build.0 = Release|Any CPU
		{7581CB74-1BBC-42DA-95A4-5C5A70BE2B5E}.Release|x64.ActiveCfg = Release|Any CPU
		{7581CB74-1BBC-42DA-95A4-5C5A70BE2B5E}.Release|x64.Build.0 = Release|Any CPU
		{7581CB74-1BBC-42DA-95A4-5C5A70BE2B5E}.Release|x86.ActiveCfg = Release|Any CPU
		{7581CB74-1BBC-42DA-95A4-5C5A70BE2B5E}.Release|x86.Build.0 = Release|Any CPU
		{E7734AEE-4EFB-442B-829B-B46624B37C5E}.Debug|Any CPU.ActiveCfg = Debug|Any CPU
		{E7734AEE-4EFB-442B-829B-B46624B37C5E}.Debug|Any CPU.Build.0 = Debug|Any CPU
		{E7734AEE-4EFB-442B-829B-B46624B37C5E}.Debug|x64.ActiveCfg = Debug|Any CPU
		{E7734AEE-4EFB-442B-829B-B46624B37C5E}.Debug|x64.Build.0 = Debug|Any CPU
		{E7734AEE-4EFB-442B-829B-B46624B37C5E}.Debug|x86.ActiveCfg = Debug|Any CPU
		{E7734AEE-4EFB-442B-829B-B46624B37C5E}.Debug|x86.Build.0 = Debug|Any CPU
		{E7734AEE-4EFB-442B-829B-B46624B37C5E}.Release|Any CPU.ActiveCfg = Release|Any CPU
		{E7734AEE-4EFB-442B-829B-B46624B37C5E}.Release|Any CPU.Build.0 = Release|Any CPU
		{E7734AEE-4EFB-442B-829B-B46624B37C5E}.Release|x64.ActiveCfg = Release|Any CPU
		{E7734AEE-4EFB-442B-829B-B46624B37C5E}.Release|x64.Build.0 = Release|Any CPU
		{E7734AEE-4EFB-442B-829B-B46624B37C5E}.Release|x86.ActiveCfg = Release|Any CPU
		{E7734AEE-4EFB-442B-829B-B46624B37C5E}.Release|x86.Build.0 = Release|Any CPU
		{6E18A6C7-B038-48EB-A33B-6689188A992A}.Debug|Any CPU.ActiveCfg = Debug|Any CPU
		{6E18A6C7-B038-48EB-A33B-6689188A992A}.Debug|Any CPU.Build.0 = Debug|Any CPU
		{6E18A6C7-B038-48EB-A33B-6689188A992A}.Debug|x64.ActiveCfg = Debug|Any CPU
		{6E18A6C7-B038-48EB-A33B-6689188A992A}.Debug|x64.Build.0 = Debug|Any CPU
		{6E18A6C7-B038-48EB-A33B-6689188A992A}.Debug|x86.ActiveCfg = Debug|Any CPU
		{6E18A6C7-B038-48EB-A33B-6689188A992A}.Debug|x86.Build.0 = Debug|Any CPU
		{6E18A6C7-B038-48EB-A33B-6689188A992A}.Release|Any CPU.ActiveCfg = Release|Any CPU
		{6E18A6C7-B038-48EB-A33B-6689188A992A}.Release|Any CPU.Build.0 = Release|Any CPU
		{6E18A6C7-B038-48EB-A33B-6689188A992A}.Release|x64.ActiveCfg = Release|Any CPU
		{6E18A6C7-B038-48EB-A33B-6689188A992A}.Release|x64.Build.0 = Release|Any CPU
		{6E18A6C7-B038-48EB-A33B-6689188A992A}.Release|x86.ActiveCfg = Release|Any CPU
		{6E18A6C7-B038-48EB-A33B-6689188A992A}.Release|x86.Build.0 = Release|Any CPU
		{A676740C-A64E-485B-945A-B4AF3E4173FC}.Debug|Any CPU.ActiveCfg = Debug|Any CPU
		{A676740C-A64E-485B-945A-B4AF3E4173FC}.Debug|Any CPU.Build.0 = Debug|Any CPU
		{A676740C-A64E-485B-945A-B4AF3E4173FC}.Debug|x64.ActiveCfg = Debug|Any CPU
		{A676740C-A64E-485B-945A-B4AF3E4173FC}.Debug|x64.Build.0 = Debug|Any CPU
		{A676740C-A64E-485B-945A-B4AF3E4173FC}.Debug|x86.ActiveCfg = Debug|Any CPU
		{A676740C-A64E-485B-945A-B4AF3E4173FC}.Debug|x86.Build.0 = Debug|Any CPU
		{A676740C-A64E-485B-945A-B4AF3E4173FC}.Release|Any CPU.ActiveCfg = Release|Any CPU
		{A676740C-A64E-485B-945A-B4AF3E4173FC}.Release|Any CPU.Build.0 = Release|Any CPU
		{A676740C-A64E-485B-945A-B4AF3E4173FC}.Release|x64.ActiveCfg = Release|Any CPU
		{A676740C-A64E-485B-945A-B4AF3E4173FC}.Release|x64.Build.0 = Release|Any CPU
		{A676740C-A64E-485B-945A-B4AF3E4173FC}.Release|x86.ActiveCfg = Release|Any CPU
		{A676740C-A64E-485B-945A-B4AF3E4173FC}.Release|x86.Build.0 = Release|Any CPU
		{DD00667F-E032-4256-94A3-9B523121E55E}.Debug|Any CPU.ActiveCfg = Debug|Any CPU
		{DD00667F-E032-4256-94A3-9B523121E55E}.Debug|Any CPU.Build.0 = Debug|Any CPU
		{DD00667F-E032-4256-94A3-9B523121E55E}.Debug|x64.ActiveCfg = Debug|Any CPU
		{DD00667F-E032-4256-94A3-9B523121E55E}.Debug|x64.Build.0 = Debug|Any CPU
		{DD00667F-E032-4256-94A3-9B523121E55E}.Debug|x86.ActiveCfg = Debug|Any CPU
		{DD00667F-E032-4256-94A3-9B523121E55E}.Debug|x86.Build.0 = Debug|Any CPU
		{DD00667F-E032-4256-94A3-9B523121E55E}.Release|Any CPU.ActiveCfg = Release|Any CPU
		{DD00667F-E032-4256-94A3-9B523121E55E}.Release|Any CPU.Build.0 = Release|Any CPU
		{DD00667F-E032-4256-94A3-9B523121E55E}.Release|x64.ActiveCfg = Release|Any CPU
		{DD00667F-E032-4256-94A3-9B523121E55E}.Release|x64.Build.0 = Release|Any CPU
		{DD00667F-E032-4256-94A3-9B523121E55E}.Release|x86.ActiveCfg = Release|Any CPU
		{DD00667F-E032-4256-94A3-9B523121E55E}.Release|x86.Build.0 = Release|Any CPU
		{61CB01EA-8D60-4D49-9A9F-36279C3F17ED}.Debug|Any CPU.ActiveCfg = Debug|Any CPU
		{61CB01EA-8D60-4D49-9A9F-36279C3F17ED}.Debug|Any CPU.Build.0 = Debug|Any CPU
		{61CB01EA-8D60-4D49-9A9F-36279C3F17ED}.Debug|x64.ActiveCfg = Debug|Any CPU
		{61CB01EA-8D60-4D49-9A9F-36279C3F17ED}.Debug|x64.Build.0 = Debug|Any CPU
		{61CB01EA-8D60-4D49-9A9F-36279C3F17ED}.Debug|x86.ActiveCfg = Debug|Any CPU
		{61CB01EA-8D60-4D49-9A9F-36279C3F17ED}.Debug|x86.Build.0 = Debug|Any CPU
		{61CB01EA-8D60-4D49-9A9F-36279C3F17ED}.Release|Any CPU.ActiveCfg = Release|Any CPU
		{61CB01EA-8D60-4D49-9A9F-36279C3F17ED}.Release|Any CPU.Build.0 = Release|Any CPU
		{61CB01EA-8D60-4D49-9A9F-36279C3F17ED}.Release|x64.ActiveCfg = Release|Any CPU
		{61CB01EA-8D60-4D49-9A9F-36279C3F17ED}.Release|x64.Build.0 = Release|Any CPU
		{61CB01EA-8D60-4D49-9A9F-36279C3F17ED}.Release|x86.ActiveCfg = Release|Any CPU
		{61CB01EA-8D60-4D49-9A9F-36279C3F17ED}.Release|x86.Build.0 = Release|Any CPU
		{BE0F5277-A9A5-4235-AD1D-A68A72EDA03C}.Debug|Any CPU.ActiveCfg = Debug|Any CPU
		{BE0F5277-A9A5-4235-AD1D-A68A72EDA03C}.Debug|Any CPU.Build.0 = Debug|Any CPU
		{BE0F5277-A9A5-4235-AD1D-A68A72EDA03C}.Debug|x64.ActiveCfg = Debug|Any CPU
		{BE0F5277-A9A5-4235-AD1D-A68A72EDA03C}.Debug|x64.Build.0 = Debug|Any CPU
		{BE0F5277-A9A5-4235-AD1D-A68A72EDA03C}.Debug|x86.ActiveCfg = Debug|Any CPU
		{BE0F5277-A9A5-4235-AD1D-A68A72EDA03C}.Debug|x86.Build.0 = Debug|Any CPU
		{BE0F5277-A9A5-4235-AD1D-A68A72EDA03C}.Release|Any CPU.ActiveCfg = Release|Any CPU
		{BE0F5277-A9A5-4235-AD1D-A68A72EDA03C}.Release|Any CPU.Build.0 = Release|Any CPU
		{BE0F5277-A9A5-4235-AD1D-A68A72EDA03C}.Release|x64.ActiveCfg = Release|Any CPU
		{BE0F5277-A9A5-4235-AD1D-A68A72EDA03C}.Release|x64.Build.0 = Release|Any CPU
		{BE0F5277-A9A5-4235-AD1D-A68A72EDA03C}.Release|x86.ActiveCfg = Release|Any CPU
		{BE0F5277-A9A5-4235-AD1D-A68A72EDA03C}.Release|x86.Build.0 = Release|Any CPU
		{140B1472-6202-4A97-82F8-E71423864CBE}.Debug|Any CPU.ActiveCfg = Debug|Any CPU
		{140B1472-6202-4A97-82F8-E71423864CBE}.Debug|Any CPU.Build.0 = Debug|Any CPU
		{140B1472-6202-4A97-82F8-E71423864CBE}.Debug|x64.ActiveCfg = Debug|Any CPU
		{140B1472-6202-4A97-82F8-E71423864CBE}.Debug|x64.Build.0 = Debug|Any CPU
		{140B1472-6202-4A97-82F8-E71423864CBE}.Debug|x86.ActiveCfg = Debug|Any CPU
		{140B1472-6202-4A97-82F8-E71423864CBE}.Debug|x86.Build.0 = Debug|Any CPU
		{140B1472-6202-4A97-82F8-E71423864CBE}.Release|Any CPU.ActiveCfg = Release|Any CPU
		{140B1472-6202-4A97-82F8-E71423864CBE}.Release|Any CPU.Build.0 = Release|Any CPU
		{140B1472-6202-4A97-82F8-E71423864CBE}.Release|x64.ActiveCfg = Release|Any CPU
		{140B1472-6202-4A97-82F8-E71423864CBE}.Release|x64.Build.0 = Release|Any CPU
		{140B1472-6202-4A97-82F8-E71423864CBE}.Release|x86.ActiveCfg = Release|Any CPU
		{140B1472-6202-4A97-82F8-E71423864CBE}.Release|x86.Build.0 = Release|Any CPU
		{549A59F4-71F6-4CD2-8A73-A45D02548911}.Debug|Any CPU.ActiveCfg = Debug|Any CPU
		{549A59F4-71F6-4CD2-8A73-A45D02548911}.Debug|Any CPU.Build.0 = Debug|Any CPU
		{549A59F4-71F6-4CD2-8A73-A45D02548911}.Debug|x64.ActiveCfg = Debug|Any CPU
		{549A59F4-71F6-4CD2-8A73-A45D02548911}.Debug|x64.Build.0 = Debug|Any CPU
		{549A59F4-71F6-4CD2-8A73-A45D02548911}.Debug|x86.ActiveCfg = Debug|Any CPU
		{549A59F4-71F6-4CD2-8A73-A45D02548911}.Debug|x86.Build.0 = Debug|Any CPU
		{549A59F4-71F6-4CD2-8A73-A45D02548911}.Release|Any CPU.ActiveCfg = Release|Any CPU
		{549A59F4-71F6-4CD2-8A73-A45D02548911}.Release|Any CPU.Build.0 = Release|Any CPU
		{549A59F4-71F6-4CD2-8A73-A45D02548911}.Release|x64.ActiveCfg = Release|Any CPU
		{549A59F4-71F6-4CD2-8A73-A45D02548911}.Release|x64.Build.0 = Release|Any CPU
		{549A59F4-71F6-4CD2-8A73-A45D02548911}.Release|x86.ActiveCfg = Release|Any CPU
		{549A59F4-71F6-4CD2-8A73-A45D02548911}.Release|x86.Build.0 = Release|Any CPU
		{5B5588DB-E65E-4FB9-A890-3F4CCD44A318}.Debug|Any CPU.ActiveCfg = Debug|Any CPU
		{5B5588DB-E65E-4FB9-A890-3F4CCD44A318}.Debug|Any CPU.Build.0 = Debug|Any CPU
		{5B5588DB-E65E-4FB9-A890-3F4CCD44A318}.Debug|x64.ActiveCfg = Debug|Any CPU
		{5B5588DB-E65E-4FB9-A890-3F4CCD44A318}.Debug|x64.Build.0 = Debug|Any CPU
		{5B5588DB-E65E-4FB9-A890-3F4CCD44A318}.Debug|x86.ActiveCfg = Debug|Any CPU
		{5B5588DB-E65E-4FB9-A890-3F4CCD44A318}.Debug|x86.Build.0 = Debug|Any CPU
		{5B5588DB-E65E-4FB9-A890-3F4CCD44A318}.Release|Any CPU.ActiveCfg = Release|Any CPU
		{5B5588DB-E65E-4FB9-A890-3F4CCD44A318}.Release|Any CPU.Build.0 = Release|Any CPU
		{5B5588DB-E65E-4FB9-A890-3F4CCD44A318}.Release|x64.ActiveCfg = Release|Any CPU
		{5B5588DB-E65E-4FB9-A890-3F4CCD44A318}.Release|x64.Build.0 = Release|Any CPU
		{5B5588DB-E65E-4FB9-A890-3F4CCD44A318}.Release|x86.ActiveCfg = Release|Any CPU
		{5B5588DB-E65E-4FB9-A890-3F4CCD44A318}.Release|x86.Build.0 = Release|Any CPU
		{AF6BD783-71C2-4B67-890F-995C7CFA126F}.Debug|Any CPU.ActiveCfg = Debug|Any CPU
		{AF6BD783-71C2-4B67-890F-995C7CFA126F}.Debug|Any CPU.Build.0 = Debug|Any CPU
		{AF6BD783-71C2-4B67-890F-995C7CFA126F}.Debug|x64.ActiveCfg = Debug|Any CPU
		{AF6BD783-71C2-4B67-890F-995C7CFA126F}.Debug|x64.Build.0 = Debug|Any CPU
		{AF6BD783-71C2-4B67-890F-995C7CFA126F}.Debug|x86.ActiveCfg = Debug|Any CPU
		{AF6BD783-71C2-4B67-890F-995C7CFA126F}.Debug|x86.Build.0 = Debug|Any CPU
		{AF6BD783-71C2-4B67-890F-995C7CFA126F}.Release|Any CPU.ActiveCfg = Release|Any CPU
		{AF6BD783-71C2-4B67-890F-995C7CFA126F}.Release|Any CPU.Build.0 = Release|Any CPU
		{AF6BD783-71C2-4B67-890F-995C7CFA126F}.Release|x64.ActiveCfg = Release|Any CPU
		{AF6BD783-71C2-4B67-890F-995C7CFA126F}.Release|x64.Build.0 = Release|Any CPU
		{AF6BD783-71C2-4B67-890F-995C7CFA126F}.Release|x86.ActiveCfg = Release|Any CPU
		{AF6BD783-71C2-4B67-890F-995C7CFA126F}.Release|x86.Build.0 = Release|Any CPU
		{D2B7D7C8-F9F5-4B6F-89E6-4A0C8936E8D9}.Debug|Any CPU.ActiveCfg = Debug|Any CPU
		{D2B7D7C8-F9F5-4B6F-89E6-4A0C8936E8D9}.Debug|Any CPU.Build.0 = Debug|Any CPU
		{D2B7D7C8-F9F5-4B6F-89E6-4A0C8936E8D9}.Debug|x64.ActiveCfg = Debug|Any CPU
		{D2B7D7C8-F9F5-4B6F-89E6-4A0C8936E8D9}.Debug|x64.Build.0 = Debug|Any CPU
		{D2B7D7C8-F9F5-4B6F-89E6-4A0C8936E8D9}.Debug|x86.ActiveCfg = Debug|Any CPU
		{D2B7D7C8-F9F5-4B6F-89E6-4A0C8936E8D9}.Debug|x86.Build.0 = Debug|Any CPU
		{D2B7D7C8-F9F5-4B6F-89E6-4A0C8936E8D9}.Release|Any CPU.ActiveCfg = Release|Any CPU
		{D2B7D7C8-F9F5-4B6F-89E6-4A0C8936E8D9}.Release|Any CPU.Build.0 = Release|Any CPU
		{D2B7D7C8-F9F5-4B6F-89E6-4A0C8936E8D9}.Release|x64.ActiveCfg = Release|Any CPU
		{D2B7D7C8-F9F5-4B6F-89E6-4A0C8936E8D9}.Release|x64.Build.0 = Release|Any CPU
		{D2B7D7C8-F9F5-4B6F-89E6-4A0C8936E8D9}.Release|x86.ActiveCfg = Release|Any CPU
		{D2B7D7C8-F9F5-4B6F-89E6-4A0C8936E8D9}.Release|x86.Build.0 = Release|Any CPU
		{E7D55D05-87E9-4142-ADCB-204AFFA37D81}.Debug|Any CPU.ActiveCfg = Debug|Any CPU
		{E7D55D05-87E9-4142-ADCB-204AFFA37D81}.Debug|Any CPU.Build.0 = Debug|Any CPU
		{E7D55D05-87E9-4142-ADCB-204AFFA37D81}.Debug|x64.ActiveCfg = Debug|Any CPU
		{E7D55D05-87E9-4142-ADCB-204AFFA37D81}.Debug|x64.Build.0 = Debug|Any CPU
		{E7D55D05-87E9-4142-ADCB-204AFFA37D81}.Debug|x86.ActiveCfg = Debug|Any CPU
		{E7D55D05-87E9-4142-ADCB-204AFFA37D81}.Debug|x86.Build.0 = Debug|Any CPU
		{E7D55D05-87E9-4142-ADCB-204AFFA37D81}.Release|Any CPU.ActiveCfg = Release|Any CPU
		{E7D55D05-87E9-4142-ADCB-204AFFA37D81}.Release|Any CPU.Build.0 = Release|Any CPU
		{E7D55D05-87E9-4142-ADCB-204AFFA37D81}.Release|x64.ActiveCfg = Release|Any CPU
		{E7D55D05-87E9-4142-ADCB-204AFFA37D81}.Release|x64.Build.0 = Release|Any CPU
		{E7D55D05-87E9-4142-ADCB-204AFFA37D81}.Release|x86.ActiveCfg = Release|Any CPU
		{E7D55D05-87E9-4142-ADCB-204AFFA37D81}.Release|x86.Build.0 = Release|Any CPU
	EndGlobalSection
	GlobalSection(SolutionProperties) = preSolution
		HideSolutionNode = FALSE
	EndGlobalSection
	GlobalSection(ExtensibilityGlobals) = postSolution
		SolutionGuid = {8D5B0FAF-6E45-499C-821A-E145CAFCB18B}
	EndGlobalSection
EndGlobal
